
Microsoft Visual Studio Solution File, Format Version 12.00
# Visual Studio Version 17
VisualStudioVersion = 17.10.35027.167
MinimumVisualStudioVersion = 10.0.40219.1
Project("{FAE04EC0-301F-11D3-BF4B-00C04F79EFBC}") = "ProyectoVector", "ProyectoVector\ProyectoVector.csproj", "{CF24939A-D1AA-4EF0-B8E9-6547DD1A4601}"
EndProject
Global
	GlobalSection(SolutionConfigurationPlatforms) = preSolution
		Debug|Any CPU = Debug|Any CPU
		Release|Any CPU = Release|Any CPU
	EndGlobalSection
	GlobalSection(ProjectConfigurationPlatforms) = postSolution
		{CF24939A-D1AA-4EF0-B8E9-6547DD1A4601}.Debug|Any CPU.ActiveCfg = Debug|Any CPU
		{CF24939A-D1AA-4EF0-B8E9-6547DD1A4601}.Debug|Any CPU.Build.0 = Debug|Any CPU
		{CF24939A-D1AA-4EF0-B8E9-6547DD1A4601}.Release|Any CPU.ActiveCfg = Release|Any CPU
		{CF24939A-D1AA-4EF0-B8E9-6547DD1A4601}.Release|Any CPU.Build.0 = Release|Any CPU
	EndGlobalSection
	GlobalSection(SolutionProperties) = preSolution
		HideSolutionNode = FALSE
	EndGlobalSection
	GlobalSection(ExtensibilityGlobals) = postSolution
		SolutionGuid = {9DE5BD50-5A0D-4C0A-83D2-F3CC867CD07E}
	EndGlobalSection
EndGlobal
